
Microsoft Visual Studio Solution File, Format Version 12.00
# Visual Studio 15
VisualStudioVersion = 15.0.28010.2003
MinimumVisualStudioVersion = 10.0.40219.1
Project("{FAE04EC0-301F-11D3-BF4B-00C04F79EFBC}") = "FoscamCleanup", "FoscamCleanup\FoscamCleanup.csproj", "{BA7156C2-7DA9-4F80-A4DF-1804B5EA0EF2}"
EndProject
Global
	GlobalSection(SolutionConfigurationPlatforms) = preSolution
		Debug|Any CPU = Debug|Any CPU
		Release|Any CPU = Release|Any CPU
	EndGlobalSection
	GlobalSection(ProjectConfigurationPlatforms) = postSolution
		{BA7156C2-7DA9-4F80-A4DF-1804B5EA0EF2}.Debug|Any CPU.ActiveCfg = Debug|Any CPU
		{BA7156C2-7DA9-4F80-A4DF-1804B5EA0EF2}.Debug|Any CPU.Build.0 = Debug|Any CPU
		{BA7156C2-7DA9-4F80-A4DF-1804B5EA0EF2}.Release|Any CPU.ActiveCfg = Release|Any CPU
		{BA7156C2-7DA9-4F80-A4DF-1804B5EA0EF2}.Release|Any CPU.Build.0 = Release|Any CPU
	EndGlobalSection
	GlobalSection(SolutionProperties) = preSolution
		HideSolutionNode = FALSE
	EndGlobalSection
	GlobalSection(ExtensibilityGlobals) = postSolution
		SolutionGuid = {07B013BF-B428-4EA9-A561-CE21DEE0F221}
	EndGlobalSection
EndGlobal
